# This file is automatically @generated by Cargo.
# It is not intended for manual editing.
version = 4

[[package]]
name = "libtorrent-safe"
version = "0.1.0"

[[package]]
name = "libtorrent-sys"
version = "0.1.0"

[[package]]
name = "seederd"
version = "0.1.0"

[[package]]
name = "seederd-bench"
version = "0.1.0"

[[package]]
name = "seederd-engine"
version = "0.1.0"
